
Microsoft Visual Studio Solution File, Format Version 12.00
# Visual Studio Version 16
VisualStudioVersion = 16.0.29806.167
MinimumVisualStudioVersion = 10.0.40219.1
Project("{8BC9CEB8-8B4A-11D0-8D11-00A0C91BC942}") = "Server", "Server\Server.vcxproj", "{DE3FDAF5-5B24-4B05-BF70-40852522012B}"
EndProject
Project("{8BC9CEB8-8B4A-11D0-8D11-00A0C91BC942}") = "Client", "Client\Client.vcxproj", "{06EAB494-E9D8-4A18-A3AB-D8E847FAF847}"
EndProject
Global
	GlobalSection(SolutionConfigurationPlatforms) = preSolution
		Debug|x64 = Debug|x64
		Debug|x86 = Debug|x86
		Release|x64 = Release|x64
		Release|x86 = Release|x86
	EndGlobalSection
	GlobalSection(ProjectConfigurationPlatforms) = postSolution
		{DE3FDAF5-5B24-4B05-BF70-40852522012B}.Debug|x64.ActiveCfg = Debug|x64
		{DE3FDAF5-5B24-4B05-BF70-40852522012B}.Debug|x64.Build.0 = Debug|x64
		{DE3FDAF5-5B24-4B05-BF70-40852522012B}.Debug|x86.ActiveCfg = Debug|Win32
		{DE3FDAF5-5B24-4B05-BF70-40852522012B}.Debug|x86.Build.0 = Debug|Win32
		{DE3FDAF5-5B24-4B05-BF70-40852522012B}.Release|x64.ActiveCfg = Release|x64
		{DE3FDAF5-5B24-4B05-BF70-40852522012B}.Release|x64.Build.0 = Release|x64
		{DE3FDAF5-5B24-4B05-BF70-40852522012B}.Release|x86.ActiveCfg = Release|Win32
		{DE3FDAF5-5B24-4B05-BF70-40852522012B}.Release|x86.Build.0 = Release|Win32
		{06EAB494-E9D8-4A18-A3AB-D8E847FAF847}.Debug|x64.ActiveCfg = Debug|x64
		{06EAB494-E9D8-4A18-A3AB-D8E847FAF847}.Debug|x64.Build.0 = Debug|x64
		{06EAB494-E9D8-4A18-A3AB-D8E847FAF847}.Debug|x86.ActiveCfg = Debug|Win32
		{06EAB494-E9D8-4A18-A3AB-D8E847FAF847}.Debug|x86.Build.0 = Debug|Win32
		{06EAB494-E9D8-4A18-A3AB-D8E847FAF847}.Release|x64.ActiveCfg = Release|x64
		{06EAB494-E9D8-4A18-A3AB-D8E847FAF847}.Release|x64.Build.0 = Release|x64
		{06EAB494-E9D8-4A18-A3AB-D8E847FAF847}.Release|x86.ActiveCfg = Release|Win32
		{06EAB494-E9D8-4A18-A3AB-D8E847FAF847}.Release|x86.Build.0 = Release|Win32
	EndGlobalSection
	GlobalSection(SolutionProperties) = preSolution
		HideSolutionNode = FALSE
	EndGlobalSection
	GlobalSection(ExtensibilityGlobals) = postSolution
		SolutionGuid = {446D5459-17A3-4186-8417-88EF6D63A7BC}
	EndGlobalSection
EndGlobal
